
Microsoft Visual Studio Solution File, Format Version 12.00
# Visual Studio 14
VisualStudioVersion = 14.0.25420.1
MinimumVisualStudioVersion = 10.0.40219.1
Project("{2150E333-8FDC-42A3-9474-1A3956D46DE8}") = "test.Infrastructure", "test.Infrastructure", "{37516D64-984C-4F0E-B8D6-BFB9343D9525}"
EndProject
Project("{FAE04EC0-301F-11D3-BF4B-00C04F79EFBC}") = "Test.Repositories", "Test.Repositories\Test.Repositories.csproj", "{6DE2A94B-2887-4D3C-BA41-4089ABB4DE66}"
EndProject
Project("{FAE04EC0-301F-11D3-BF4B-00C04F79EFBC}") = "Test.Core", "Test.Core\Test.Core.csproj", "{CE140F59-55B6-47E7-B0C0-8CFEDF3BC4A8}"
EndProject
Project("{FAE04EC0-301F-11D3-BF4B-00C04F79EFBC}") = "Infrastructure", "Infrastructure\Infrastructure.csproj", "{A2A23107-1518-4030-98A9-CD148354BA5E}"
EndProject
Project("{2150E333-8FDC-42A3-9474-1A3956D46DE8}") = "test.Presentation", "test.Presentation", "{DF68CAF5-2DA8-4094-9AE8-B077D768D6ED}"
EndProject
Project("{FAE04EC0-301F-11D3-BF4B-00C04F79EFBC}") = "Web", "Web\Web.csproj", "{EB6763DC-37C7-45DC-AD1E-5F41363A1F70}"
EndProject
Global
	GlobalSection(SolutionConfigurationPlatforms) = preSolution
		Debug|Any CPU = Debug|Any CPU
		Release|Any CPU = Release|Any CPU
	EndGlobalSection
	GlobalSection(ProjectConfigurationPlatforms) = postSolution
		{6DE2A94B-2887-4D3C-BA41-4089ABB4DE66}.Debug|Any CPU.ActiveCfg = Debug|Any CPU
		{6DE2A94B-2887-4D3C-BA41-4089ABB4DE66}.Debug|Any CPU.Build.0 = Debug|Any CPU
		{6DE2A94B-2887-4D3C-BA41-4089ABB4DE66}.Release|Any CPU.ActiveCfg = Release|Any CPU
		{6DE2A94B-2887-4D3C-BA41-4089ABB4DE66}.Release|Any CPU.Build.0 = Release|Any CPU
		{CE140F59-55B6-47E7-B0C0-8CFEDF3BC4A8}.Debug|Any CPU.ActiveCfg = Debug|Any CPU
		{CE140F59-55B6-47E7-B0C0-8CFEDF3BC4A8}.Debug|Any CPU.Build.0 = Debug|Any CPU
		{CE140F59-55B6-47E7-B0C0-8CFEDF3BC4A8}.Release|Any CPU.ActiveCfg = Release|Any CPU
		{CE140F59-55B6-47E7-B0C0-8CFEDF3BC4A8}.Release|Any CPU.Build.0 = Release|Any CPU
		{A2A23107-1518-4030-98A9-CD148354BA5E}.Debug|Any CPU.ActiveCfg = Debug|Any CPU
		{A2A23107-1518-4030-98A9-CD148354BA5E}.Debug|Any CPU.Build.0 = Debug|Any CPU
		{A2A23107-1518-4030-98A9-CD148354BA5E}.Release|Any CPU.ActiveCfg = Release|Any CPU
		{A2A23107-1518-4030-98A9-CD148354BA5E}.Release|Any CPU.Build.0 = Release|Any CPU
		{EB6763DC-37C7-45DC-AD1E-5F41363A1F70}.Debug|Any CPU.ActiveCfg = Debug|Any CPU
		{EB6763DC-37C7-45DC-AD1E-5F41363A1F70}.Debug|Any CPU.Build.0 = Debug|Any CPU
		{EB6763DC-37C7-45DC-AD1E-5F41363A1F70}.Release|Any CPU.ActiveCfg = Release|Any CPU
		{EB6763DC-37C7-45DC-AD1E-5F41363A1F70}.Release|Any CPU.Build.0 = Release|Any CPU
	EndGlobalSection
	GlobalSection(SolutionProperties) = preSolution
		HideSolutionNode = FALSE
	EndGlobalSection
	GlobalSection(NestedProjects) = preSolution
		{6DE2A94B-2887-4D3C-BA41-4089ABB4DE66} = {37516D64-984C-4F0E-B8D6-BFB9343D9525}
		{CE140F59-55B6-47E7-B0C0-8CFEDF3BC4A8} = {37516D64-984C-4F0E-B8D6-BFB9343D9525}
		{A2A23107-1518-4030-98A9-CD148354BA5E} = {37516D64-984C-4F0E-B8D6-BFB9343D9525}
		{EB6763DC-37C7-45DC-AD1E-5F41363A1F70} = {DF68CAF5-2DA8-4094-9AE8-B077D768D6ED}
	EndGlobalSection
EndGlobal
